
Microsoft Visual Studio Solution File, Format Version 12.00
# Visual Studio Version 16
VisualStudioVersion = 16.0.32510.428
MinimumVisualStudioVersion = 10.0.40219.1
Project("{FAE04EC0-301F-11D3-BF4B-00C04F79EFBC}") = "FinalMIVIProject", "FinalMIVIProject\FinalMIVIProject.csproj", "{EC2294D6-1128-4418-ABBA-4C53F258AD9A}"
EndProject
Global
	GlobalSection(SolutionConfigurationPlatforms) = preSolution
		Debug|Any CPU = Debug|Any CPU
		Release|Any CPU = Release|Any CPU
	EndGlobalSection
	GlobalSection(ProjectConfigurationPlatforms) = postSolution
		{EC2294D6-1128-4418-ABBA-4C53F258AD9A}.Debug|Any CPU.ActiveCfg = Debug|Any CPU
		{EC2294D6-1128-4418-ABBA-4C53F258AD9A}.Debug|Any CPU.Build.0 = Debug|Any CPU
		{EC2294D6-1128-4418-ABBA-4C53F258AD9A}.Release|Any CPU.ActiveCfg = Release|Any CPU
		{EC2294D6-1128-4418-ABBA-4C53F258AD9A}.Release|Any CPU.Build.0 = Release|Any CPU
	EndGlobalSection
	GlobalSection(SolutionProperties) = preSolution
		HideSolutionNode = FALSE
	EndGlobalSection
	GlobalSection(ExtensibilityGlobals) = postSolution
		SolutionGuid = {938AEE7A-6BF4-4689-8ABE-70D8D8885CA4}
	EndGlobalSection
EndGlobal
